{
  "object": {
    "pins": [
      {
        "package": "Aperture",
        "repositoryURL": "https://github.com/getdebrief/Aperture",
        "state": {
          "branch": null,
          "revision": "81722aebd3b1a7bc46a7c15868bf35e8db26551b",
          "version": "0.4.1"
        }
      }
    ]
  },
  "version": 1
}
