{
  "object": {
    "pins": [
      {
        "package": "Aperture",
        "repositoryURL": "https://github.com/getdebrief/Aperture",
        "state": {
          "branch": null,
          "revision": "8c3076e1af14f88594ae7d5c7ff15e18f179aeb9",
          "version": "0.4.4"
        }
      }
    ]
  },
  "version": 1
}
