{
  "object": {
    "pins": [
      {
        "package": "Aperture",
        "repositoryURL": "https://github.com/getdebrief/Aperture",
        "state": {
          "branch": null,
          "revision": "332fecac85296495ca2c5254b897a2449e37b70f",
          "version": "0.4.5"
        }
      }
    ]
  },
  "version": 1
}
